
Microsoft Visual Studio Solution File, Format Version 12.00
# Visual Studio Version 16
VisualStudioVersion = 16.0.30114.105
MinimumVisualStudioVersion = 10.0.40219.1
Project("{FAE04EC0-301F-11D3-BF4B-00C04F79EFBC}") = "github-organization", "github-organization\github-organization.csproj", "{FF922F89-5C0B-4810-B288-13AF95368729}"
EndProject
Global
	GlobalSection(SolutionConfigurationPlatforms) = preSolution
		Debug|Any CPU = Debug|Any CPU
		Release|Any CPU = Release|Any CPU
	EndGlobalSection
	GlobalSection(SolutionProperties) = preSolution
		HideSolutionNode = FALSE
	EndGlobalSection
	GlobalSection(ProjectConfigurationPlatforms) = postSolution
		{FF922F89-5C0B-4810-B288-13AF95368729}.Debug|Any CPU.ActiveCfg = Debug|Any CPU
		{FF922F89-5C0B-4810-B288-13AF95368729}.Debug|Any CPU.Build.0 = Debug|Any CPU
		{FF922F89-5C0B-4810-B288-13AF95368729}.Release|Any CPU.ActiveCfg = Release|Any CPU
		{FF922F89-5C0B-4810-B288-13AF95368729}.Release|Any CPU.Build.0 = Release|Any CPU
	EndGlobalSection
EndGlobal
